// !$*UTF8*$!
{
	archiveVersion = 1;
	classes = {
	};
	objectVersion = 56;
	objects = {

/* Begin PBXBuildFile section */
		D418DE00297E6AF300C5F984 /* SystemCoordinateSwiftUI.swift in Sources */ = {isa = PBXBuildFile; fileRef = D418DDFF297E6AF300C5F984 /* SystemCoordinateSwiftUI.swift */; };
		D4227071297F0D7C00262FE5 /* SystemCoordinate.swift in Sources */ = {isa = PBXBuildFile; fileRef = D4227070297F0D7C00262FE5 /* SystemCoordinate.swift */; };
		D4227073298008B700262FE5 /* Equation.swift in Sources */ = {isa = PBXBuildFile; fileRef = D4227072298008B700262FE5 /* Equation.swift */; };
		D43659AE2961881A00DC18B7 /* ComplexEquation.swift in Sources */ = {isa = PBXBuildFile; fileRef = D43659AD2961881A00DC18B7 /* ComplexEquation.swift */; };
		D43659B02961895400DC18B7 /* ComplexEquationView.swift in Sources */ = {isa = PBXBuildFile; fileRef = D43659AF2961895400DC18B7 /* ComplexEquationView.swift */; };
		D44F412C298166C5003FB989 /* SavedMatrix.swift in Sources */ = {isa = PBXBuildFile; fileRef = D44F412B298166C5003FB989 /* SavedMatrix.swift */; };
		D4B53FDA295F4D2600DF2D2D /* Math_CalculatorApp.swift in Sources */ = {isa = PBXBuildFile; fileRef = D4B53FD9295F4D2600DF2D2D /* Math_CalculatorApp.swift */; };
		D4B53FDE295F4D2800DF2D2D /* Assets.xcassets in Resources */ = {isa = PBXBuildFile; fileRef = D4B53FDD295F4D2800DF2D2D /* Assets.xcassets */; };
		D4B53FE2295F4D2800DF2D2D /* Preview Assets.xcassets in Resources */ = {isa = PBXBuildFile; fileRef = D4B53FE1295F4D2800DF2D2D /* Preview Assets.xcassets */; };
		D4B53FEC295F4D2800DF2D2D /* Math_CalculatorTests.swift in Sources */ = {isa = PBXBuildFile; fileRef = D4B53FEB295F4D2800DF2D2D /* Math_CalculatorTests.swift */; };
		D4B53FF6295F4D2800DF2D2D /* Math_CalculatorUITests.swift in Sources */ = {isa = PBXBuildFile; fileRef = D4B53FF5295F4D2800DF2D2D /* Math_CalculatorUITests.swift */; };
		D4B53FF8295F4D2800DF2D2D /* Math_CalculatorUITestsLaunchTests.swift in Sources */ = {isa = PBXBuildFile; fileRef = D4B53FF7295F4D2800DF2D2D /* Math_CalculatorUITestsLaunchTests.swift */; };
		D4B5401F295F4D3700DF2D2D /* Extensions.swift in Sources */ = {isa = PBXBuildFile; fileRef = D4B54009295F4D3700DF2D2D /* Extensions.swift */; };
		D4B54020295F4D3700DF2D2D /* Math.swift in Sources */ = {isa = PBXBuildFile; fileRef = D4B5400B295F4D3700DF2D2D /* Math.swift */; };
		D4B54021295F4D3700DF2D2D /* Matrix.swift in Sources */ = {isa = PBXBuildFile; fileRef = D4B5400C295F4D3700DF2D2D /* Matrix.swift */; };
		D4B54022295F4D3700DF2D2D /* Operations.swift in Sources */ = {isa = PBXBuildFile; fileRef = D4B5400D295F4D3700DF2D2D /* Operations.swift */; };
		D4B54024295F4D3700DF2D2D /* MatrixView.swift in Sources */ = {isa = PBXBuildFile; fileRef = D4B54010295F4D3700DF2D2D /* MatrixView.swift */; };
		D4B54025295F4D3700DF2D2D /* ResultView.swift in Sources */ = {isa = PBXBuildFile; fileRef = D4B54011295F4D3700DF2D2D /* ResultView.swift */; };
		D4B54027295F4D3700DF2D2D /* ViewExtension.swift in Sources */ = {isa = PBXBuildFile; fileRef = D4B54014295F4D3700DF2D2D /* ViewExtension.swift */; };
		D4B5402B295F4D3700DF2D2D /* InputView.swift in Sources */ = {isa = PBXBuildFile; fileRef = D4B54019295F4D3700DF2D2D /* InputView.swift */; };
		D4B5402C295F4D3700DF2D2D /* InputType.swift in Sources */ = {isa = PBXBuildFile; fileRef = D4B5401A295F4D3700DF2D2D /* InputType.swift */; };
		D4B5402D295F4D3700DF2D2D /* ContentView.swift in Sources */ = {isa = PBXBuildFile; fileRef = D4B5401B295F4D3700DF2D2D /* ContentView.swift */; };
		D4B54032295FDD5300DF2D2D /* ResultOperations.swift in Sources */ = {isa = PBXBuildFile; fileRef = D4B54031295FDD5300DF2D2D /* ResultOperations.swift */; };
		D4D62D4B2982835900E47589 /* EquationView.swift in Sources */ = {isa = PBXBuildFile; fileRef = D4D62D4A2982835900E47589 /* EquationView.swift */; };
/* End PBXBuildFile section */

/* Begin PBXContainerItemProxy section */
		D4B53FE8295F4D2800DF2D2D /* PBXContainerItemProxy */ = {
			isa = PBXContainerItemProxy;
			containerPortal = D4B53FCE295F4D2600DF2D2D /* Project object */;
			proxyType = 1;
			remoteGlobalIDString = D4B53FD5295F4D2600DF2D2D;
			remoteInfo = "Math Calculator";
		};
		D4B53FF2295F4D2800DF2D2D /* PBXContainerItemProxy */ = {
			isa = PBXContainerItemProxy;
			containerPortal = D4B53FCE295F4D2600DF2D2D /* Project object */;
			proxyType = 1;
			remoteGlobalIDString = D4B53FD5295F4D2600DF2D2D;
			remoteInfo = "Math Calculator";
		};
/* End PBXContainerItemProxy section */

/* Begin PBXFileReference section */
		D418DDFF297E6AF300C5F984 /* SystemCoordinateSwiftUI.swift */ = {isa = PBXFileReference; lastKnownFileType = sourcecode.swift; path = SystemCoordinateSwiftUI.swift; sourceTree = "<group>"; };
		D4227070297F0D7C00262FE5 /* SystemCoordinate.swift */ = {isa = PBXFileReference; lastKnownFileType = sourcecode.swift; path = SystemCoordinate.swift; sourceTree = "<group>"; };
		D4227072298008B700262FE5 /* Equation.swift */ = {isa = PBXFileReference; lastKnownFileType = sourcecode.swift; path = Equation.swift; sourceTree = "<group>"; };
		D43659AD2961881A00DC18B7 /* ComplexEquation.swift */ = {isa = PBXFileReference; lastKnownFileType = sourcecode.swift; path = ComplexEquation.swift; sourceTree = "<group>"; };
		D43659AF2961895400DC18B7 /* ComplexEquationView.swift */ = {isa = PBXFileReference; lastKnownFileType = sourcecode.swift; path = ComplexEquationView.swift; sourceTree = "<group>"; };
		D44F412B298166C5003FB989 /* SavedMatrix.swift */ = {isa = PBXFileReference; lastKnownFileType = sourcecode.swift; path = SavedMatrix.swift; sourceTree = "<group>"; };
		D4B53FD6295F4D2600DF2D2D /* Math Calculator.app */ = {isa = PBXFileReference; explicitFileType = wrapper.application; includeInIndex = 0; path = "Math Calculator.app"; sourceTree = BUILT_PRODUCTS_DIR; };
		D4B53FD9295F4D2600DF2D2D /* Math_CalculatorApp.swift */ = {isa = PBXFileReference; lastKnownFileType = sourcecode.swift; path = Math_CalculatorApp.swift; sourceTree = "<group>"; };
		D4B53FDD295F4D2800DF2D2D /* Assets.xcassets */ = {isa = PBXFileReference; lastKnownFileType = folder.assetcatalog; path = Assets.xcassets; sourceTree = "<group>"; };
		D4B53FDF295F4D2800DF2D2D /* Math_Calculator.entitlements */ = {isa = PBXFileReference; lastKnownFileType = text.plist.entitlements; path = Math_Calculator.entitlements; sourceTree = "<group>"; };
		D4B53FE1295F4D2800DF2D2D /* Preview Assets.xcassets */ = {isa = PBXFileReference; lastKnownFileType = folder.assetcatalog; path = "Preview Assets.xcassets"; sourceTree = "<group>"; };
		D4B53FE7295F4D2800DF2D2D /* Math CalculatorTests.xctest */ = {isa = PBXFileReference; explicitFileType = wrapper.cfbundle; includeInIndex = 0; path = "Math CalculatorTests.xctest"; sourceTree = BUILT_PRODUCTS_DIR; };
		D4B53FEB295F4D2800DF2D2D /* Math_CalculatorTests.swift */ = {isa = PBXFileReference; lastKnownFileType = sourcecode.swift; path = Math_CalculatorTests.swift; sourceTree = "<group>"; };
		D4B53FF1295F4D2800DF2D2D /* Math CalculatorUITests.xctest */ = {isa = PBXFileReference; explicitFileType = wrapper.cfbundle; includeInIndex = 0; path = "Math CalculatorUITests.xctest"; sourceTree = BUILT_PRODUCTS_DIR; };
		D4B53FF5295F4D2800DF2D2D /* Math_CalculatorUITests.swift */ = {isa = PBXFileReference; lastKnownFileType = sourcecode.swift; path = Math_CalculatorUITests.swift; sourceTree = "<group>"; };
		D4B53FF7295F4D2800DF2D2D /* Math_CalculatorUITestsLaunchTests.swift */ = {isa = PBXFileReference; lastKnownFileType = sourcecode.swift; path = Math_CalculatorUITestsLaunchTests.swift; sourceTree = "<group>"; };
		D4B54009295F4D3700DF2D2D /* Extensions.swift */ = {isa = PBXFileReference; fileEncoding = 4; lastKnownFileType = sourcecode.swift; path = Extensions.swift; sourceTree = "<group>"; };
		D4B5400B295F4D3700DF2D2D /* Math.swift */ = {isa = PBXFileReference; fileEncoding = 4; lastKnownFileType = sourcecode.swift; path = Math.swift; sourceTree = "<group>"; };
		D4B5400C295F4D3700DF2D2D /* Matrix.swift */ = {isa = PBXFileReference; fileEncoding = 4; lastKnownFileType = sourcecode.swift; path = Matrix.swift; sourceTree = "<group>"; };
		D4B5400D295F4D3700DF2D2D /* Operations.swift */ = {isa = PBXFileReference; fileEncoding = 4; lastKnownFileType = sourcecode.swift; path = Operations.swift; sourceTree = "<group>"; };
		D4B54010295F4D3700DF2D2D /* MatrixView.swift */ = {isa = PBXFileReference; fileEncoding = 4; lastKnownFileType = sourcecode.swift; path = MatrixView.swift; sourceTree = "<group>"; };
		D4B54011295F4D3700DF2D2D /* ResultView.swift */ = {isa = PBXFileReference; fileEncoding = 4; lastKnownFileType = sourcecode.swift; path = ResultView.swift; sourceTree = "<group>"; };
		D4B54014295F4D3700DF2D2D /* ViewExtension.swift */ = {isa = PBXFileReference; fileEncoding = 4; lastKnownFileType = sourcecode.swift; path = ViewExtension.swift; sourceTree = "<group>"; };
		D4B54019295F4D3700DF2D2D /* InputView.swift */ = {isa = PBXFileReference; fileEncoding = 4; lastKnownFileType = sourcecode.swift; path = InputView.swift; sourceTree = "<group>"; };
		D4B5401A295F4D3700DF2D2D /* InputType.swift */ = {isa = PBXFileReference; fileEncoding = 4; lastKnownFileType = sourcecode.swift; path = InputType.swift; sourceTree = "<group>"; };
		D4B5401B295F4D3700DF2D2D /* ContentView.swift */ = {isa = PBXFileReference; fileEncoding = 4; lastKnownFileType = sourcecode.swift; path = ContentView.swift; sourceTree = "<group>"; };
		D4B54031295FDD5300DF2D2D /* ResultOperations.swift */ = {isa = PBXFileReference; lastKnownFileType = sourcecode.swift; path = ResultOperations.swift; sourceTree = "<group>"; };
		D4D62D4A2982835900E47589 /* EquationView.swift */ = {isa = PBXFileReference; lastKnownFileType = sourcecode.swift; path = EquationView.swift; sourceTree = "<group>"; };
/* End PBXFileReference section */

/* Begin PBXFrameworksBuildPhase section */
		D4B53FD3295F4D2600DF2D2D /* Frameworks */ = {
			isa = PBXFrameworksBuildPhase;
			buildActionMask = 2147483647;
			files = (
			);
			runOnlyForDeploymentPostprocessing = 0;
		};
		D4B53FE4295F4D2800DF2D2D /* Frameworks */ = {
			isa = PBXFrameworksBuildPhase;
			buildActionMask = 2147483647;
			files = (
			);
			runOnlyForDeploymentPostprocessing = 0;
		};
		D4B53FEE295F4D2800DF2D2D /* Frameworks */ = {
			isa = PBXFrameworksBuildPhase;
			buildActionMask = 2147483647;
			files = (
			);
			runOnlyForDeploymentPostprocessing = 0;
		};
/* End PBXFrameworksBuildPhase section */

/* Begin PBXGroup section */
		D48ADB8B298ACE3C0013483B /* NextTime */ = {
			isa = PBXGroup;
			children = (
				D43659AF2961895400DC18B7 /* ComplexEquationView.swift */,
				D4D62D4A2982835900E47589 /* EquationView.swift */,
				D418DDFF297E6AF300C5F984 /* SystemCoordinateSwiftUI.swift */,
			);
			path = NextTime;
			sourceTree = "<group>";
		};
		D4B53FCD295F4D2600DF2D2D = {
			isa = PBXGroup;
			children = (
				D4B53FD8295F4D2600DF2D2D /* Math Calculator */,
				D4B53FEA295F4D2800DF2D2D /* Math CalculatorTests */,
				D4B53FF4295F4D2800DF2D2D /* Math CalculatorUITests */,
				D4B53FD7295F4D2600DF2D2D /* Products */,
			);
			sourceTree = "<group>";
		};
		D4B53FD7295F4D2600DF2D2D /* Products */ = {
			isa = PBXGroup;
			children = (
				D4B53FD6295F4D2600DF2D2D /* Math Calculator.app */,
				D4B53FE7295F4D2800DF2D2D /* Math CalculatorTests.xctest */,
				D4B53FF1295F4D2800DF2D2D /* Math CalculatorUITests.xctest */,
			);
			name = Products;
			sourceTree = "<group>";
		};
		D4B53FD8295F4D2600DF2D2D /* Math Calculator */ = {
			isa = PBXGroup;
			children = (
				D48ADB8B298ACE3C0013483B /* NextTime */,
				D4B54004295F4D3700DF2D2D /* Swift */,
				D4B53FDD295F4D2800DF2D2D /* Assets.xcassets */,
				D4B53FDF295F4D2800DF2D2D /* Math_Calculator.entitlements */,
				D4B53FE0295F4D2800DF2D2D /* Preview Content */,
			);
			path = "Math Calculator";
			sourceTree = "<group>";
		};
		D4B53FE0295F4D2800DF2D2D /* Preview Content */ = {
			isa = PBXGroup;
			children = (
				D4B53FE1295F4D2800DF2D2D /* Preview Assets.xcassets */,
			);
			path = "Preview Content";
			sourceTree = "<group>";
		};
		D4B53FEA295F4D2800DF2D2D /* Math CalculatorTests */ = {
			isa = PBXGroup;
			children = (
				D4B53FEB295F4D2800DF2D2D /* Math_CalculatorTests.swift */,
			);
			path = "Math CalculatorTests";
			sourceTree = "<group>";
		};
		D4B53FF4295F4D2800DF2D2D /* Math CalculatorUITests */ = {
			isa = PBXGroup;
			children = (
				D4B53FF5295F4D2800DF2D2D /* Math_CalculatorUITests.swift */,
				D4B53FF7295F4D2800DF2D2D /* Math_CalculatorUITestsLaunchTests.swift */,
			);
			path = "Math CalculatorUITests";
			sourceTree = "<group>";
		};
		D4B54004295F4D3700DF2D2D /* Swift */ = {
			isa = PBXGroup;
			children = (
				D4B53FD9295F4D2600DF2D2D /* Math_CalculatorApp.swift */,
				D4B54009295F4D3700DF2D2D /* Extensions.swift */,
				D4B54031295FDD5300DF2D2D /* ResultOperations.swift */,
				D4B5400A295F4D3700DF2D2D /* Math */,
				D4B5400D295F4D3700DF2D2D /* Operations.swift */,
				D4B5400F295F4D3700DF2D2D /* View */,
				D4B5401A295F4D3700DF2D2D /* InputType.swift */,
			);
			path = Swift;
			sourceTree = "<group>";
		};
		D4B5400A295F4D3700DF2D2D /* Math */ = {
			isa = PBXGroup;
			children = (
				D4B5400B295F4D3700DF2D2D /* Math.swift */,
				D4B5400C295F4D3700DF2D2D /* Matrix.swift */,
				D43659AD2961881A00DC18B7 /* ComplexEquation.swift */,
				D4227072298008B700262FE5 /* Equation.swift */,
			);
			path = Math;
			sourceTree = "<group>";
		};
		D4B5400F295F4D3700DF2D2D /* View */ = {
			isa = PBXGroup;
			children = (
				D4B5401B295F4D3700DF2D2D /* ContentView.swift */,
				D4B54010295F4D3700DF2D2D /* MatrixView.swift */,
				D4B54011295F4D3700DF2D2D /* ResultView.swift */,
				D4B54014295F4D3700DF2D2D /* ViewExtension.swift */,
				D4B54015295F4D3700DF2D2D /* InputTypes */,
				D4B54019295F4D3700DF2D2D /* InputView.swift */,
				D4227070297F0D7C00262FE5 /* SystemCoordinate.swift */,
				D44F412B298166C5003FB989 /* SavedMatrix.swift */,
			);
			path = View;
			sourceTree = "<group>";
		};
		D4B54015295F4D3700DF2D2D /* InputTypes */ = {
			isa = PBXGroup;
			children = (
			);
			path = InputTypes;
			sourceTree = "<group>";
		};
/* End PBXGroup section */

/* Begin PBXNativeTarget section */
		D4B53FD5295F4D2600DF2D2D /* Math Calculator */ = {
			isa = PBXNativeTarget;
			buildConfigurationList = D4B53FFB295F4D2800DF2D2D /* Build configuration list for PBXNativeTarget "Math Calculator" */;
			buildPhases = (
				D4B53FD2295F4D2600DF2D2D /* Sources */,
				D4B53FD3295F4D2600DF2D2D /* Frameworks */,
				D4B53FD4295F4D2600DF2D2D /* Resources */,
			);
			buildRules = (
			);
			dependencies = (
			);
			name = "Math Calculator";
			productName = "Math Calculator";
			productReference = D4B53FD6295F4D2600DF2D2D /* Math Calculator.app */;
			productType = "com.apple.product-type.application";
		};
		D4B53FE6295F4D2800DF2D2D /* Math CalculatorTests */ = {
			isa = PBXNativeTarget;
			buildConfigurationList = D4B53FFE295F4D2800DF2D2D /* Build configuration list for PBXNativeTarget "Math CalculatorTests" */;
			buildPhases = (
				D4B53FE3295F4D2800DF2D2D /* Sources */,
				D4B53FE4295F4D2800DF2D2D /* Frameworks */,
				D4B53FE5295F4D2800DF2D2D /* Resources */,
			);
			buildRules = (
			);
			dependencies = (
				D4B53FE9295F4D2800DF2D2D /* PBXTargetDependency */,
			);
			name = "Math CalculatorTests";
			productName = "Math CalculatorTests";
			productReference = D4B53FE7295F4D2800DF2D2D /* Math CalculatorTests.xctest */;
			productType = "com.apple.product-type.bundle.unit-test";
		};
		D4B53FF0295F4D2800DF2D2D /* Math CalculatorUITests */ = {
			isa = PBXNativeTarget;
			buildConfigurationList = D4B54001295F4D2800DF2D2D /* Build configuration list for PBXNativeTarget "Math CalculatorUITests" */;
			buildPhases = (
				D4B53FED295F4D2800DF2D2D /* Sources */,
				D4B53FEE295F4D2800DF2D2D /* Frameworks */,
				D4B53FEF295F4D2800DF2D2D /* Resources */,
			);
			buildRules = (
			);
			dependencies = (
				D4B53FF3295F4D2800DF2D2D /* PBXTargetDependency */,
			);
			name = "Math CalculatorUITests";
			productName = "Math CalculatorUITests";
			productReference = D4B53FF1295F4D2800DF2D2D /* Math CalculatorUITests.xctest */;
			productType = "com.apple.product-type.bundle.ui-testing";
		};
/* End PBXNativeTarget section */

/* Begin PBXProject section */
		D4B53FCE295F4D2600DF2D2D /* Project object */ = {
			isa = PBXProject;
			attributes = {
				BuildIndependentTargetsInParallel = 1;
				LastSwiftUpdateCheck = 1420;
				LastUpgradeCheck = 1420;
				TargetAttributes = {
					D4B53FD5295F4D2600DF2D2D = {
						CreatedOnToolsVersion = 14.2;
						LastSwiftMigration = 1420;
					};
					D4B53FE6295F4D2800DF2D2D = {
						CreatedOnToolsVersion = 14.2;
						TestTargetID = D4B53FD5295F4D2600DF2D2D;
					};
					D4B53FF0295F4D2800DF2D2D = {
						CreatedOnToolsVersion = 14.2;
						TestTargetID = D4B53FD5295F4D2600DF2D2D;
					};
				};
			};
			buildConfigurationList = D4B53FD1295F4D2600DF2D2D /* Build configuration list for PBXProject "Math Calculator" */;
			compatibilityVersion = "Xcode 14.0";
			developmentRegion = en;
			hasScannedForEncodings = 0;
			knownRegions = (
				en,
				Base,
			);
			mainGroup = D4B53FCD295F4D2600DF2D2D;
			productRefGroup = D4B53FD7295F4D2600DF2D2D /* Products */;
			projectDirPath = "";
			projectRoot = "";
			targets = (
				D4B53FD5295F4D2600DF2D2D /* Math Calculator */,
				D4B53FE6295F4D2800DF2D2D /* Math CalculatorTests */,
				D4B53FF0295F4D2800DF2D2D /* Math CalculatorUITests */,
			);
		};
/* End PBXProject section */

/* Begin PBXResourcesBuildPhase section */
		D4B53FD4295F4D2600DF2D2D /* Resources */ = {
			isa = PBXResourcesBuildPhase;
			buildActionMask = 2147483647;
			files = (
				D4B53FE2295F4D2800DF2D2D /* Preview Assets.xcassets in Resources */,
				D4B53FDE295F4D2800DF2D2D /* Assets.xcassets in Resources */,
			);
			runOnlyForDeploymentPostprocessing = 0;
		};
		D4B53FE5295F4D2800DF2D2D /* Resources */ = {
			isa = PBXResourcesBuildPhase;
			buildActionMask = 2147483647;
			files = (
			);
			runOnlyForDeploymentPostprocessing = 0;
		};
		D4B53FEF295F4D2800DF2D2D /* Resources */ = {
			isa = PBXResourcesBuildPhase;
			buildActionMask = 2147483647;
			files = (
			);
			runOnlyForDeploymentPostprocessing = 0;
		};
/* End PBXResourcesBuildPhase section */

/* Begin PBXSourcesBuildPhase section */
		D4B53FD2295F4D2600DF2D2D /* Sources */ = {
			isa = PBXSourcesBuildPhase;
			buildActionMask = 2147483647;
			files = (
				D4B54021295F4D3700DF2D2D /* Matrix.swift in Sources */,
				D4227071297F0D7C00262FE5 /* SystemCoordinate.swift in Sources */,
				D43659AE2961881A00DC18B7 /* ComplexEquation.swift in Sources */,
				D4B54025295F4D3700DF2D2D /* ResultView.swift in Sources */,
				D4B5401F295F4D3700DF2D2D /* Extensions.swift in Sources */,
				D4B54032295FDD5300DF2D2D /* ResultOperations.swift in Sources */,
				D4D62D4B2982835900E47589 /* EquationView.swift in Sources */,
				D44F412C298166C5003FB989 /* SavedMatrix.swift in Sources */,
				D4B5402D295F4D3700DF2D2D /* ContentView.swift in Sources */,
				D4B54024295F4D3700DF2D2D /* MatrixView.swift in Sources */,
				D4B54027295F4D3700DF2D2D /* ViewExtension.swift in Sources */,
				D4B54022295F4D3700DF2D2D /* Operations.swift in Sources */,
				D4B53FDA295F4D2600DF2D2D /* Math_CalculatorApp.swift in Sources */,
				D4227073298008B700262FE5 /* Equation.swift in Sources */,
				D4B5402C295F4D3700DF2D2D /* InputType.swift in Sources */,
				D4B5402B295F4D3700DF2D2D /* InputView.swift in Sources */,
				D43659B02961895400DC18B7 /* ComplexEquationView.swift in Sources */,
				D4B54020295F4D3700DF2D2D /* Math.swift in Sources */,
				D418DE00297E6AF300C5F984 /* SystemCoordinateSwiftUI.swift in Sources */,
			);
			runOnlyForDeploymentPostprocessing = 0;
		};
		D4B53FE3295F4D2800DF2D2D /* Sources */ = {
			isa = PBXSourcesBuildPhase;
			buildActionMask = 2147483647;
			files = (
				D4B53FEC295F4D2800DF2D2D /* Math_CalculatorTests.swift in Sources */,
			);
			runOnlyForDeploymentPostprocessing = 0;
		};
		D4B53FED295F4D2800DF2D2D /* Sources */ = {
			isa = PBXSourcesBuildPhase;
			buildActionMask = 2147483647;
			files = (
				D4B53FF8295F4D2800DF2D2D /* Math_CalculatorUITestsLaunchTests.swift in Sources */,
				D4B53FF6295F4D2800DF2D2D /* Math_CalculatorUITests.swift in Sources */,
			);
			runOnlyForDeploymentPostprocessing = 0;
		};
/* End PBXSourcesBuildPhase section */

/* Begin PBXTargetDependency section */
		D4B53FE9295F4D2800DF2D2D /* PBXTargetDependency */ = {
			isa = PBXTargetDependency;
			target = D4B53FD5295F4D2600DF2D2D /* Math Calculator */;
			targetProxy = D4B53FE8295F4D2800DF2D2D /* PBXContainerItemProxy */;
		};
		D4B53FF3295F4D2800DF2D2D /* PBXTargetDependency */ = {
			isa = PBXTargetDependency;
			target = D4B53FD5295F4D2600DF2D2D /* Math Calculator */;
			targetProxy = D4B53FF2295F4D2800DF2D2D /* PBXContainerItemProxy */;
		};
/* End PBXTargetDependency section */

/* Begin XCBuildConfiguration section */
		D4B53FF9295F4D2800DF2D2D /* Debug */ = {
			isa = XCBuildConfiguration;
			buildSettings = {
				ALWAYS_SEARCH_USER_PATHS = NO;
				CLANG_ANALYZER_NONNULL = YES;
				CLANG_ANALYZER_NUMBER_OBJECT_CONVERSION = YES_AGGRESSIVE;
				CLANG_CXX_LANGUAGE_STANDARD = "gnu++20";
				CLANG_ENABLE_MODULES = YES;
				CLANG_ENABLE_OBJC_ARC = YES;
				CLANG_ENABLE_OBJC_WEAK = YES;
				CLANG_WARN_BLOCK_CAPTURE_AUTORELEASING = YES;
				CLANG_WARN_BOOL_CONVERSION = YES;
				CLANG_WARN_COMMA = YES;
				CLANG_WARN_CONSTANT_CONVERSION = YES;
				CLANG_WARN_DEPRECATED_OBJC_IMPLEMENTATIONS = YES;
				CLANG_WARN_DIRECT_OBJC_ISA_USAGE = YES_ERROR;
				CLANG_WARN_DOCUMENTATION_COMMENTS = YES;
				CLANG_WARN_EMPTY_BODY = YES;
				CLANG_WARN_ENUM_CONVERSION = YES;
				CLANG_WARN_INFINITE_RECURSION = YES;
				CLANG_WARN_INT_CONVERSION = YES;
				CLANG_WARN_NON_LITERAL_NULL_CONVERSION = YES;
				CLANG_WARN_OBJC_IMPLICIT_RETAIN_SELF = YES;
				CLANG_WARN_OBJC_LITERAL_CONVERSION = YES;
				CLANG_WARN_OBJC_ROOT_CLASS = YES_ERROR;
				CLANG_WARN_QUOTED_INCLUDE_IN_FRAMEWORK_HEADER = YES;
				CLANG_WARN_RANGE_LOOP_ANALYSIS = YES;
				CLANG_WARN_STRICT_PROTOTYPES = YES;
				CLANG_WARN_SUSPICIOUS_MOVE = YES;
				CLANG_WARN_UNGUARDED_AVAILABILITY = YES_AGGRESSIVE;
				CLANG_WARN_UNREACHABLE_CODE = YES;
				CLANG_WARN__DUPLICATE_METHOD_MATCH = YES;
				COPY_PHASE_STRIP = NO;
				DEBUG_INFORMATION_FORMAT = dwarf;
				ENABLE_STRICT_OBJC_MSGSEND = YES;
				ENABLE_TESTABILITY = YES;
				GCC_C_LANGUAGE_STANDARD = gnu11;
				GCC_DYNAMIC_NO_PIC = NO;
				GCC_NO_COMMON_BLOCKS = YES;
				GCC_OPTIMIZATION_LEVEL = 0;
				GCC_PREPROCESSOR_DEFINITIONS = (
					"DEBUG=1",
					"$(inherited)",
				);
				GCC_WARN_64_TO_32_BIT_CONVERSION = YES;
				GCC_WARN_ABOUT_RETURN_TYPE = YES_ERROR;
				GCC_WARN_UNDECLARED_SELECTOR = YES;
				GCC_WARN_UNINITIALIZED_AUTOS = YES_AGGRESSIVE;
				GCC_WARN_UNUSED_FUNCTION = YES;
				GCC_WARN_UNUSED_VARIABLE = YES;
				MTL_ENABLE_DEBUG_INFO = INCLUDE_SOURCE;
				MTL_FAST_MATH = YES;
				ONLY_ACTIVE_ARCH = YES;
				SWIFT_ACTIVE_COMPILATION_CONDITIONS = DEBUG;
				SWIFT_OPTIMIZATION_LEVEL = "-Onone";
			};
			name = Debug;
		};
		D4B53FFA295F4D2800DF2D2D /* Release */ = {
			isa = XCBuildConfiguration;
			buildSettings = {
				ALWAYS_SEARCH_USER_PATHS = NO;
				CLANG_ANALYZER_NONNULL = YES;
				CLANG_ANALYZER_NUMBER_OBJECT_CONVERSION = YES_AGGRESSIVE;
				CLANG_CXX_LANGUAGE_STANDARD = "gnu++20";
				CLANG_ENABLE_MODULES = YES;
				CLANG_ENABLE_OBJC_ARC = YES;
				CLANG_ENABLE_OBJC_WEAK = YES;
				CLANG_WARN_BLOCK_CAPTURE_AUTORELEASING = YES;
				CLANG_WARN_BOOL_CONVERSION = YES;
				CLANG_WARN_COMMA = YES;
				CLANG_WARN_CONSTANT_CONVERSION = YES;
				CLANG_WARN_DEPRECATED_OBJC_IMPLEMENTATIONS = YES;
				CLANG_WARN_DIRECT_OBJC_ISA_USAGE = YES_ERROR;
				CLANG_WARN_DOCUMENTATION_COMMENTS = YES;
				CLANG_WARN_EMPTY_BODY = YES;
				CLANG_WARN_ENUM_CONVERSION = YES;
				CLANG_WARN_INFINITE_RECURSION = YES;
				CLANG_WARN_INT_CONVERSION = YES;
				CLANG_WARN_NON_LITERAL_NULL_CONVERSION = YES;
				CLANG_WARN_OBJC_IMPLICIT_RETAIN_SELF = YES;
				CLANG_WARN_OBJC_LITERAL_CONVERSION = YES;
				CLANG_WARN_OBJC_ROOT_CLASS = YES_ERROR;
				CLANG_WARN_QUOTED_INCLUDE_IN_FRAMEWORK_HEADER = YES;
				CLANG_WARN_RANGE_LOOP_ANALYSIS = YES;
				CLANG_WARN_STRICT_PROTOTYPES = YES;
				CLANG_WARN_SUSPICIOUS_MOVE = YES;
				CLANG_WARN_UNGUARDED_AVAILABILITY = YES_AGGRESSIVE;
				CLANG_WARN_UNREACHABLE_CODE = YES;
				CLANG_WARN__DUPLICATE_METHOD_MATCH = YES;
				COPY_PHASE_STRIP = NO;
				DEBUG_INFORMATION_FORMAT = "dwarf-with-dsym";
				ENABLE_NS_ASSERTIONS = NO;
				ENABLE_STRICT_OBJC_MSGSEND = YES;
				GCC_C_LANGUAGE_STANDARD = gnu11;
				GCC_NO_COMMON_BLOCKS = YES;
				GCC_WARN_64_TO_32_BIT_CONVERSION = YES;
				GCC_WARN_ABOUT_RETURN_TYPE = YES_ERROR;
				GCC_WARN_UNDECLARED_SELECTOR = YES;
				GCC_WARN_UNINITIALIZED_AUTOS = YES_AGGRESSIVE;
				GCC_WARN_UNUSED_FUNCTION = YES;
				GCC_WARN_UNUSED_VARIABLE = YES;
				MTL_ENABLE_DEBUG_INFO = NO;
				MTL_FAST_MATH = YES;
				SWIFT_COMPILATION_MODE = wholemodule;
				SWIFT_OPTIMIZATION_LEVEL = "-O";
			};
			name = Release;
		};
		D4B53FFC295F4D2800DF2D2D /* Debug */ = {
			isa = XCBuildConfiguration;
			buildSettings = {
				ASSETCATALOG_COMPILER_APPICON_NAME = AppIcon;
				ASSETCATALOG_COMPILER_GLOBAL_ACCENT_COLOR_NAME = AccentColor;
				CLANG_ENABLE_MODULES = YES;
				CODE_SIGN_ENTITLEMENTS = "Math Calculator/Math_Calculator.entitlements";
				CODE_SIGN_STYLE = Automatic;
				CURRENT_PROJECT_VERSION = 1;
				DEVELOPMENT_ASSET_PATHS = "\"Math Calculator/Preview Content\"";
				DEVELOPMENT_TEAM = V2BAUVW2R7;
				ENABLE_HARDENED_RUNTIME = YES;
				ENABLE_PREVIEWS = YES;
				EXCLUDED_ARCHS = "";
				GENERATE_INFOPLIST_FILE = YES;
				"INFOPLIST_KEY_UIApplicationSceneManifest_Generation[sdk=iphoneos*]" = YES;
				"INFOPLIST_KEY_UIApplicationSceneManifest_Generation[sdk=iphonesimulator*]" = YES;
				"INFOPLIST_KEY_UIApplicationSupportsIndirectInputEvents[sdk=iphoneos*]" = YES;
				"INFOPLIST_KEY_UIApplicationSupportsIndirectInputEvents[sdk=iphonesimulator*]" = YES;
				"INFOPLIST_KEY_UILaunchScreen_Generation[sdk=iphoneos*]" = YES;
				"INFOPLIST_KEY_UILaunchScreen_Generation[sdk=iphonesimulator*]" = YES;
				"INFOPLIST_KEY_UIStatusBarStyle[sdk=iphoneos*]" = UIStatusBarStyleDefault;
				"INFOPLIST_KEY_UIStatusBarStyle[sdk=iphonesimulator*]" = UIStatusBarStyleDefault;
				INFOPLIST_KEY_UISupportedInterfaceOrientations_iPad = "UIInterfaceOrientationPortrait UIInterfaceOrientationPortraitUpsideDown UIInterfaceOrientationLandscapeLeft UIInterfaceOrientationLandscapeRight";
				INFOPLIST_KEY_UISupportedInterfaceOrientations_iPhone = "UIInterfaceOrientationPortrait UIInterfaceOrientationLandscapeLeft UIInterfaceOrientationLandscapeRight";
				IPHONEOS_DEPLOYMENT_TARGET = 16.2;
				LD_RUNPATH_SEARCH_PATHS = "@executable_path/Frameworks";
				"LD_RUNPATH_SEARCH_PATHS[sdk=macosx*]" = "@executable_path/../Frameworks";
				LIBRARY_SEARCH_PATHS = (
					"$(inherited)",
					"$(PROJECT_DIR)/Math\\ Calculator",
					"$(PROJECT_DIR)/Math\\ Calculator",
					"$(PROJECT_DIR)/Math\\ Calculator",
					"$(PROJECT_DIR)/Math\\ Calculator",
					"$(PROJECT_DIR)/Math\\ Calculator",
					"$(PROJECT_DIR)/Math\\ Calculator",
					"$(PROJECT_DIR)/Math\\ Calculator",
				);
				MACOSX_DEPLOYMENT_TARGET = 13.1;
				MARKETING_VERSION = 1.0;
				PRODUCT_BUNDLE_IDENTIFIER = "KDmaster.Math-Calculator";
				PRODUCT_NAME = "$(TARGET_NAME)";
				SDKROOT = auto;
				SUPPORTED_PLATFORMS = "iphoneos iphonesimulator macosx";
				SWIFT_EMIT_LOC_STRINGS = YES;
				SWIFT_INSTALL_OBJC_HEADER = YES;
				SWIFT_OBJC_BRIDGING_HEADER = "";
				SWIFT_OPTIMIZATION_LEVEL = "-Onone";
				SWIFT_PRECOMPILE_BRIDGING_HEADER = NO;
				SWIFT_VERSION = 5.0;
				TARGETED_DEVICE_FAMILY = "1,2";
			};
			name = Debug;
		};
		D4B53FFD295F4D2800DF2D2D /* Release */ = {
			isa = XCBuildConfiguration;
			buildSettings = {
				ASSETCATALOG_COMPILER_APPICON_NAME = AppIcon;
				ASSETCATALOG_COMPILER_GLOBAL_ACCENT_COLOR_NAME = AccentColor;
				CLANG_ENABLE_MODULES = YES;
				CODE_SIGN_ENTITLEMENTS = "Math Calculator/Math_Calculator.entitlements";
				CODE_SIGN_STYLE = Automatic;
				CURRENT_PROJECT_VERSION = 1;
				DEVELOPMENT_ASSET_PATHS = "\"Math Calculator/Preview Content\"";
				DEVELOPMENT_TEAM = V2BAUVW2R7;
				ENABLE_HARDENED_RUNTIME = YES;
				ENABLE_PREVIEWS = YES;
				EXCLUDED_ARCHS = "";
				GENERATE_INFOPLIST_FILE = YES;
				"INFOPLIST_KEY_UIApplicationSceneManifest_Generation[sdk=iphoneos*]" = YES;
				"INFOPLIST_KEY_UIApplicationSceneManifest_Generation[sdk=iphonesimulator*]" = YES;
				"INFOPLIST_KEY_UIApplicationSupportsIndirectInputEvents[sdk=iphoneos*]" = YES;
				"INFOPLIST_KEY_UIApplicationSupportsIndirectInputEvents[sdk=iphonesimulator*]" = YES;
				"INFOPLIST_KEY_UILaunchScreen_Generation[sdk=iphoneos*]" = YES;
				"INFOPLIST_KEY_UILaunchScreen_Generation[sdk=iphonesimulator*]" = YES;
				"INFOPLIST_KEY_UIStatusBarStyle[sdk=iphoneos*]" = UIStatusBarStyleDefault;
				"INFOPLIST_KEY_UIStatusBarStyle[sdk=iphonesimulator*]" = UIStatusBarStyleDefault;
				INFOPLIST_KEY_UISupportedInterfaceOrientations_iPad = "UIInterfaceOrientationPortrait UIInterfaceOrientationPortraitUpsideDown UIInterfaceOrientationLandscapeLeft UIInterfaceOrientationLandscapeRight";
				INFOPLIST_KEY_UISupportedInterfaceOrientations_iPhone = "UIInterfaceOrientationPortrait UIInterfaceOrientationLandscapeLeft UIInterfaceOrientationLandscapeRight";
				IPHONEOS_DEPLOYMENT_TARGET = 16.2;
				LD_RUNPATH_SEARCH_PATHS = "@executable_path/Frameworks";
				"LD_RUNPATH_SEARCH_PATHS[sdk=macosx*]" = "@executable_path/../Frameworks";
				LIBRARY_SEARCH_PATHS = (
					"$(inherited)",
					"$(PROJECT_DIR)/Math\\ Calculator",
					"$(PROJECT_DIR)/Math\\ Calculator",
					"$(PROJECT_DIR)/Math\\ Calculator",
					"$(PROJECT_DIR)/Math\\ Calculator",
					"$(PROJECT_DIR)/Math\\ Calculator",
					"$(PROJECT_DIR)/Math\\ Calculator",
					"$(PROJECT_DIR)/Math\\ Calculator",
				);
				MACOSX_DEPLOYMENT_TARGET = 13.1;
				MARKETING_VERSION = 1.0;
				PRODUCT_BUNDLE_IDENTIFIER = "KDmaster.Math-Calculator";
				PRODUCT_NAME = "$(TARGET_NAME)";
				SDKROOT = auto;
				SUPPORTED_PLATFORMS = "iphoneos iphonesimulator macosx";
				SWIFT_EMIT_LOC_STRINGS = YES;
				SWIFT_INSTALL_OBJC_HEADER = YES;
				SWIFT_OBJC_BRIDGING_HEADER = "";
				SWIFT_PRECOMPILE_BRIDGING_HEADER = NO;
				SWIFT_VERSION = 5.0;
				TARGETED_DEVICE_FAMILY = "1,2";
			};
			name = Release;
		};
		D4B53FFF295F4D2800DF2D2D /* Debug */ = {
			isa = XCBuildConfiguration;
			buildSettings = {
				ALWAYS_EMBED_SWIFT_STANDARD_LIBRARIES = YES;
				BUNDLE_LOADER = "$(TEST_HOST)";
				CODE_SIGN_STYLE = Automatic;
				CURRENT_PROJECT_VERSION = 1;
				DEVELOPMENT_TEAM = V2BAUVW2R7;
				GENERATE_INFOPLIST_FILE = YES;
				IPHONEOS_DEPLOYMENT_TARGET = 16.2;
				MACOSX_DEPLOYMENT_TARGET = 13.1;
				MARKETING_VERSION = 1.0;
				PRODUCT_BUNDLE_IDENTIFIER = "KDmaster.Math-CalculatorTests";
				PRODUCT_NAME = "$(TARGET_NAME)";
				SDKROOT = auto;
				SUPPORTED_PLATFORMS = "iphoneos iphonesimulator macosx";
				SWIFT_EMIT_LOC_STRINGS = NO;
				SWIFT_VERSION = 5.0;
				TARGETED_DEVICE_FAMILY = "1,2";
				TEST_HOST = "$(BUILT_PRODUCTS_DIR)/Math Calculator.app/$(BUNDLE_EXECUTABLE_FOLDER_PATH)/Math Calculator";
			};
			name = Debug;
		};
		D4B54000295F4D2800DF2D2D /* Release */ = {
			isa = XCBuildConfiguration;
			buildSettings = {
				ALWAYS_EMBED_SWIFT_STANDARD_LIBRARIES = YES;
				BUNDLE_LOADER = "$(TEST_HOST)";
				CODE_SIGN_STYLE = Automatic;
				CURRENT_PROJECT_VERSION = 1;
				DEVELOPMENT_TEAM = V2BAUVW2R7;
				GENERATE_INFOPLIST_FILE = YES;
				IPHONEOS_DEPLOYMENT_TARGET = 16.2;
				MACOSX_DEPLOYMENT_TARGET = 13.1;
				MARKETING_VERSION = 1.0;
				PRODUCT_BUNDLE_IDENTIFIER = "KDmaster.Math-CalculatorTests";
				PRODUCT_NAME = "$(TARGET_NAME)";
				SDKROOT = auto;
				SUPPORTED_PLATFORMS = "iphoneos iphonesimulator macosx";
				SWIFT_EMIT_LOC_STRINGS = NO;
				SWIFT_VERSION = 5.0;
				TARGETED_DEVICE_FAMILY = "1,2";
				TEST_HOST = "$(BUILT_PRODUCTS_DIR)/Math Calculator.app/$(BUNDLE_EXECUTABLE_FOLDER_PATH)/Math Calculator";
			};
			name = Release;
		};
		D4B54002295F4D2800DF2D2D /* Debug */ = {
			isa = XCBuildConfiguration;
			buildSettings = {
				ALWAYS_EMBED_SWIFT_STANDARD_LIBRARIES = YES;
				CODE_SIGN_STYLE = Automatic;
				CURRENT_PROJECT_VERSION = 1;
				DEVELOPMENT_TEAM = V2BAUVW2R7;
				GENERATE_INFOPLIST_FILE = YES;
				IPHONEOS_DEPLOYMENT_TARGET = 16.2;
				MACOSX_DEPLOYMENT_TARGET = 13.1;
				MARKETING_VERSION = 1.0;
				PRODUCT_BUNDLE_IDENTIFIER = "KDmaster.Math-CalculatorUITests";
				PRODUCT_NAME = "$(TARGET_NAME)";
				SDKROOT = auto;
				SUPPORTED_PLATFORMS = "iphoneos iphonesimulator macosx";
				SWIFT_EMIT_LOC_STRINGS = NO;
				SWIFT_VERSION = 5.0;
				TARGETED_DEVICE_FAMILY = "1,2";
				TEST_TARGET_NAME = "Math Calculator";
			};
			name = Debug;
		};
		D4B54003295F4D2800DF2D2D /* Release */ = {
			isa = XCBuildConfiguration;
			buildSettings = {
				ALWAYS_EMBED_SWIFT_STANDARD_LIBRARIES = YES;
				CODE_SIGN_STYLE = Automatic;
				CURRENT_PROJECT_VERSION = 1;
				DEVELOPMENT_TEAM = V2BAUVW2R7;
				GENERATE_INFOPLIST_FILE = YES;
				IPHONEOS_DEPLOYMENT_TARGET = 16.2;
				MACOSX_DEPLOYMENT_TARGET = 13.1;
				MARKETING_VERSION = 1.0;
				PRODUCT_BUNDLE_IDENTIFIER = "KDmaster.Math-CalculatorUITests";
				PRODUCT_NAME = "$(TARGET_NAME)";
				SDKROOT = auto;
				SUPPORTED_PLATFORMS = "iphoneos iphonesimulator macosx";
				SWIFT_EMIT_LOC_STRINGS = NO;
				SWIFT_VERSION = 5.0;
				TARGETED_DEVICE_FAMILY = "1,2";
				TEST_TARGET_NAME = "Math Calculator";
			};
			name = Release;
		};
/* End XCBuildConfiguration section */

/* Begin XCConfigurationList section */
		D4B53FD1295F4D2600DF2D2D /* Build configuration list for PBXProject "Math Calculator" */ = {
			isa = XCConfigurationList;
			buildConfigurations = (
				D4B53FF9295F4D2800DF2D2D /* Debug */,
				D4B53FFA295F4D2800DF2D2D /* Release */,
			);
			defaultConfigurationIsVisible = 0;
			defaultConfigurationName = Release;
		};
		D4B53FFB295F4D2800DF2D2D /* Build configuration list for PBXNativeTarget "Math Calculator" */ = {
			isa = XCConfigurationList;
			buildConfigurations = (
				D4B53FFC295F4D2800DF2D2D /* Debug */,
				D4B53FFD295F4D2800DF2D2D /* Release */,
			);
			defaultConfigurationIsVisible = 0;
			defaultConfigurationName = Release;
		};
		D4B53FFE295F4D2800DF2D2D /* Build configuration list for PBXNativeTarget "Math CalculatorTests" */ = {
			isa = XCConfigurationList;
			buildConfigurations = (
				D4B53FFF295F4D2800DF2D2D /* Debug */,
				D4B54000295F4D2800DF2D2D /* Release */,
			);
			defaultConfigurationIsVisible = 0;
			defaultConfigurationName = Release;
		};
		D4B54001295F4D2800DF2D2D /* Build configuration list for PBXNativeTarget "Math CalculatorUITests" */ = {
			isa = XCConfigurationList;
			buildConfigurations = (
				D4B54002295F4D2800DF2D2D /* Debug */,
				D4B54003295F4D2800DF2D2D /* Release */,
			);
			defaultConfigurationIsVisible = 0;
			defaultConfigurationName = Release;
		};
/* End XCConfigurationList section */
	};
	rootObject = D4B53FCE295F4D2600DF2D2D /* Project object */;
}
